<?xml version="1.0" encoding="utf-8"?>
<Project ToolsVersion="4.0" xmlns="http://schemas.microsoft.com/developer/msbuild/2003">
  <ItemGroup>
    <ClCompile Include="..\..\Code\EntryPoint.cpp" />
    <ClCompile Include="..\..\Code\OSAllocator.cpp" />
    <ClCompile Include="..\..\Code\OverlappedIOFileRead.cpp" />
    <ClCompile Include="..\..\Code\Win32Types.cpp" />
    <ClCompile Include="..\..\Code\GetProcessorCoreInformation.cpp" />
    <ClCompile Include="..\..\Code\OverlappedIOFileReadTask.cpp" />
    <ClCompile Include="..\..\Code\ThreadPool.cpp" />
    <ClCompile Include="..\..\Code\TaskThread.cpp" />
    <ClCompile Include="..\..\Dependencies\max\Task.cpp">
      <Filter>Dependencies\max</Filter>
    </ClCompile>
    <ClCompile Include="..\..\Dependencies\max\TaskQueue.cpp">
      <Filter>Dependencies\max</Filter>
    </ClCompile>
    <ClCompile Include="..\..\Dependencies\maxStateMachine\Code\maxStateMachine\StringInput.cpp">
      <Filter>Dependencies\maxStateMachine</Filter>
    </ClCompile>
  </ItemGroup>
  <ItemGroup>
    <ClInclude Include="..\..\Code\OSAllocator.hpp" />
    <ClInclude Include="..\..\Code\OverlappedIOFileRead.hpp" />
    <ClInclude Include="..\..\Code\Win32Types.hpp" />
    <ClInclude Include="..\..\Code\GetProcessorCoreInformation.hpp" />
    <ClInclude Include="..\..\Code\OverlappedIOFileReadTask.hpp" />
    <ClInclude Include="..\..\Code\ThreadPool.hpp" />
    <ClInclude Include="..\..\Code\TaskThread.hpp" />
    <ClInclude Include="..\..\Dependencies\max\Task.hpp">
      <Filter>Dependencies\max</Filter>
    </ClInclude>
    <ClInclude Include="..\..\Dependencies\max\TaskQueue.hpp">
      <Filter>Dependencies\max</Filter>
    </ClInclude>
    <ClInclude Include="..\..\Dependencies\maxStateMachine\Code\maxStateMachine\Node.hpp">
      <Filter>Dependencies\maxStateMachine</Filter>
    </ClInclude>
    <ClInclude Include="..\..\Dependencies\maxStateMachine\Code\maxStateMachine\NumberInput.hpp">
      <Filter>Dependencies\maxStateMachine</Filter>
    </ClInclude>
    <ClInclude Include="..\..\Dependencies\maxStateMachine\Code\maxStateMachine\RangeMatcher.hpp">
      <Filter>Dependencies\maxStateMachine</Filter>
    </ClInclude>
    <ClInclude Include="..\..\Dependencies\maxStateMachine\Code\maxStateMachine\StateMachine.hpp">
      <Filter>Dependencies\maxStateMachine</Filter>
    </ClInclude>
    <ClInclude Include="..\..\Dependencies\maxStateMachine\Code\maxStateMachine\StringInput.hpp">
      <Filter>Dependencies\maxStateMachine</Filter>
    </ClInclude>
    <ClInclude Include="..\..\Dependencies\maxStateMachine\Code\maxStateMachine\StringMatcher.hpp">
      <Filter>Dependencies\maxStateMachine</Filter>
    </ClInclude>
    <ClInclude Include="..\..\Dependencies\maxStateMachine\Code\maxStateMachine\Transition.hpp">
      <Filter>Dependencies\maxStateMachine</Filter>
    </ClInclude>
    <ClInclude Include="..\..\Dependencies\maxStateMachine\Code\maxStateMachine\AnythingMatcher.hpp">
      <Filter>Dependencies\maxStateMachine</Filter>
    </ClInclude>
  </ItemGroup>
  <ItemGroup>
    <Filter Include="Dependencies">
      <UniqueIdentifier>{ff4362d7-e365-4968-8055-d1183bf5e30e}</UniqueIdentifier>
    </Filter>
    <Filter Include="Dependencies\max">
      <UniqueIdentifier>{cd642f76-9813-4768-99ac-f6e373898e06}</UniqueIdentifier>
    </Filter>
    <Filter Include="Dependencies\maxStateMachine">
      <UniqueIdentifier>{24f72ca7-35b0-486f-a23a-2a279b7749f0}</UniqueIdentifier>
    </Filter>
    <Filter Include="Dependencies\max\Testing">
      <UniqueIdentifier>{f8147b00-f31a-4f65-ab91-577d0c792f60}</UniqueIdentifier>
    </Filter>
  </ItemGroup>
  <ItemGroup>
    <None Include="..\..\Dependencies\maxStateMachine\Code\maxStateMachine\NumberInput.inl">
      <Filter>Dependencies\maxStateMachine</Filter>
    </None>
    <None Include="..\..\Dependencies\maxStateMachine\Code\maxStateMachine\RangeMatcher.inl">
      <Filter>Dependencies\maxStateMachine</Filter>
    </None>
    <None Include="..\..\Dependencies\maxStateMachine\Code\maxStateMachine\AnythingMatcher.inl">
      <Filter>Dependencies\maxStateMachine</Filter>
    </None>
  </ItemGroup>
</Project>