<?xml version="1.0" encoding="utf-8"?>
<Project ToolsVersion="4.0" xmlns="http://schemas.microsoft.com/developer/msbuild/2003">
  <ItemGroup>
    <ClCompile Include="..\..\Code\EntryPoint.cpp" />
    <ClCompile Include="..\..\Code\OSAllocator.cpp" />
    <ClCompile Include="..\..\Code\OverlappedIOFileRead.cpp" />
    <ClCompile Include="..\..\Code\Win32Types.cpp" />
    <ClCompile Include="..\..\Code\GetProcessorInformation.cpp" />
  </ItemGroup>
  <ItemGroup>
    <ClInclude Include="..\..\Code\OSAllocator.hpp" />
    <ClInclude Include="..\..\Code\OverlappedIOFileRead.hpp" />
    <ClInclude Include="..\..\Code\Win32Types.hpp" />
    <ClInclude Include="..\..\Code\GetProcessorInformation.hpp" />
  </ItemGroup>
</Project>